{
  "lockfileVersion": 1,
  "workspaces": {
    "": {
      "name": "@bgord/tools",
      "devDependencies": {
        "only-allow": "1.2.1",
        "typescript": "5.8.3",
      },
    },
  },
  "packages": {
    "only-allow": ["only-allow@1.2.1", "", { "dependencies": { "which-pm-runs": "^1.1.0" }, "bin": { "only-allow": "bin.js" } }, "sha512-M7CJbmv7UCopc0neRKdzfoGWaVZC+xC1925GitKH9EAqYFzX9//25Q7oX4+jw0tiCCj+t5l6VZh8UPH23NZkMA=="],

    "typescript": ["typescript@5.8.3", "", { "bin": { "tsc": "bin/tsc", "tsserver": "bin/tsserver" } }, "sha512-p1diW6TqL9L07nNxvRMM7hMMw4c5XOo/1ibL4aAIGmSAt9slTE1Xgw5KWuof2uTOvCg9BY7ZRi+GaF+7sfgPeQ=="],

    "which-pm-runs": ["which-pm-runs@1.1.0", "", {}, "sha512-n1brCuqClxfFfq/Rb0ICg9giSZqCS+pLtccdag6C2HyufBrh3fBOiy9nb6ggRMvWOVH5GrdJskj5iGTZNxd7SA=="],
  }
}
