{
  "lockfileVersion": 1,
  "workspaces": {
    "": {
      "name": "@bgord/tools",
      "devDependencies": {
        "cspell": "8.16.0",
        "lefthook": "1.8.4",
        "only-allow": "1.2.1",
        "shellcheck": "3.0.0",
        "typescript": "5.8.3",
      },
    },
  },
  "packages": {
    "@cspell/cspell-bundled-dicts": ["@cspell/cspell-bundled-dicts@8.16.0", "", { "dependencies": { "@cspell/dict-ada": "^4.0.5", "@cspell/dict-al": "^1.0.3", "@cspell/dict-aws": "^4.0.7", "@cspell/dict-bash": "^4.1.8", "@cspell/dict-companies": "^3.1.7", "@cspell/dict-cpp": "^6.0.1", "@cspell/dict-cryptocurrencies": "^5.0.3", "@cspell/dict-csharp": "^4.0.5", "@cspell/dict-css": "^4.0.16", "@cspell/dict-dart": "^2.2.4", "@cspell/dict-django": "^4.1.3", "@cspell/dict-docker": "^1.1.11", "@cspell/dict-dotnet": "^5.0.8", "@cspell/dict-elixir": "^4.0.6", "@cspell/dict-en-common-misspellings": "^2.0.7", "@cspell/dict-en-gb": "1.1.33", "@cspell/dict-en_us": "^4.3.26", "@cspell/dict-filetypes": "^3.0.8", "@cspell/dict-flutter": "^1.0.3", "@cspell/dict-fonts": "^4.0.3", "@cspell/dict-fsharp": "^1.0.4", "@cspell/dict-fullstack": "^3.2.3", "@cspell/dict-gaming-terms": "^1.0.8", "@cspell/dict-git": "^3.0.3", "@cspell/dict-golang": "^6.0.16", "@cspell/dict-google": "^1.0.4", "@cspell/dict-haskell": "^4.0.4", "@cspell/dict-html": "^4.0.10", "@cspell/dict-html-symbol-entities": "^4.0.3", "@cspell/dict-java": "^5.0.10", "@cspell/dict-julia": "^1.0.4", "@cspell/dict-k8s": "^1.0.9", "@cspell/dict-latex": "^4.0.3", "@cspell/dict-lorem-ipsum": "^4.0.3", "@cspell/dict-lua": "^4.0.6", "@cspell/dict-makefile": "^1.0.3", "@cspell/dict-markdown": "^2.0.7", "@cspell/dict-monkeyc": "^1.0.9", "@cspell/dict-node": "^5.0.5", "@cspell/dict-npm": "^5.1.11", "@cspell/dict-php": "^4.0.13", "@cspell/dict-powershell": "^5.0.13", "@cspell/dict-public-licenses": "^2.0.11", "@cspell/dict-python": "^4.2.12", "@cspell/dict-r": "^2.0.4", "@cspell/dict-ruby": "^5.0.7", "@cspell/dict-rust": "^4.0.9", "@cspell/dict-scala": "^5.0.6", "@cspell/dict-software-terms": "^4.1.13", "@cspell/dict-sql": "^2.1.8", "@cspell/dict-svelte": "^1.0.5", "@cspell/dict-swift": "^2.0.4", "@cspell/dict-terraform": "^1.0.6", "@cspell/dict-typescript": "^3.1.11", "@cspell/dict-vue": "^3.0.3" } }, "sha512-R0Eqq5kTZnmZ0elih5uY3TWjMqqAeMl7ciU7maUs+m1FNjCEdJXtJ9wrQxNgjmXi0tX8cvahZRO3O558tEz/KA=="],

    "@cspell/cspell-json-reporter": ["@cspell/cspell-json-reporter@8.16.0", "", { "dependencies": { "@cspell/cspell-types": "8.16.0" } }, "sha512-KLjPK94gA3JNuWy70LeenJ6EL3SFk2ejERKYJ6SVV/cVOKIvVd2qe42yX3/A/DkF2xzuZ2LD4z0sfoqQL1BaqA=="],

    "@cspell/cspell-pipe": ["@cspell/cspell-pipe@8.16.0", "", {}, "sha512-WoCgrv/mrtwCY4lhc6vEcqN3AQ7lT6K0NW5ShoSo116U2tRaW0unApIYH4Va8u7T9g3wyspFEceQRR1xD9qb9w=="],

    "@cspell/cspell-resolver": ["@cspell/cspell-resolver@8.16.0", "", { "dependencies": { "global-directory": "^4.0.1" } }, "sha512-b+99bph43ptkXlQHgPXSkN/jK6LQHy2zL1Fm9up7+x6Yr64bxAzWzoeqJAPtnrPvFuOrFN0jZasZzKBw8CvrrQ=="],

    "@cspell/cspell-service-bus": ["@cspell/cspell-service-bus@8.16.0", "", {}, "sha512-+fn763JKA4EYCOv+1VShFq015UMEBAFRDr+rlCnesgLE0fv9TSFVLsjOfh9/g6GuGQLCRLUqKztwwuueeErstQ=="],

    "@cspell/cspell-types": ["@cspell/cspell-types@8.16.0", "", {}, "sha512-bGrIK7p4NVsK+QX/CYWmjax+FkzfSIZaIaoiBESGV5gmwgXDVRMJ3IP6tQVAmTtckOYHCmtT5CZgI8zXWr8dHQ=="],

    "@cspell/dict-ada": ["@cspell/dict-ada@4.1.0", "", {}, "sha512-7SvmhmX170gyPd+uHXrfmqJBY5qLcCX8kTGURPVeGxmt8XNXT75uu9rnZO+jwrfuU2EimNoArdVy5GZRGljGNg=="],

    "@cspell/dict-al": ["@cspell/dict-al@1.1.0", "", {}, "sha512-PtNI1KLmYkELYltbzuoztBxfi11jcE9HXBHCpID2lou/J4VMYKJPNqe4ZjVzSI9NYbMnMnyG3gkbhIdx66VSXg=="],

    "@cspell/dict-aws": ["@cspell/dict-aws@4.0.10", "", {}, "sha512-0qW4sI0GX8haELdhfakQNuw7a2pnWXz3VYQA2MpydH2xT2e6EN9DWFpKAi8DfcChm8MgDAogKkoHtIo075iYng=="],

    "@cspell/dict-bash": ["@cspell/dict-bash@4.2.0", "", { "dependencies": { "@cspell/dict-shell": "1.1.0" } }, "sha512-HOyOS+4AbCArZHs/wMxX/apRkjxg6NDWdt0jF9i9XkvJQUltMwEhyA2TWYjQ0kssBsnof+9amax2lhiZnh3kCg=="],

    "@cspell/dict-companies": ["@cspell/dict-companies@3.2.1", "", {}, "sha512-ryaeJ1KhTTKL4mtinMtKn8wxk6/tqD4vX5tFP+Hg89SiIXmbMk5vZZwVf+eyGUWJOyw5A1CVj9EIWecgoi+jYQ=="],

    "@cspell/dict-cpp": ["@cspell/dict-cpp@6.0.8", "", {}, "sha512-BzurRZilWqaJt32Gif6/yCCPi+FtrchjmnehVEIFzbWyeBd/VOUw77IwrEzehZsu5cRU91yPWuWp5fUsKfDAXA=="],

    "@cspell/dict-cryptocurrencies": ["@cspell/dict-cryptocurrencies@5.0.4", "", {}, "sha512-6iFu7Abu+4Mgqq08YhTKHfH59mpMpGTwdzDB2Y8bbgiwnGFCeoiSkVkgLn1Kel2++hYcZ8vsAW/MJS9oXxuMag=="],

    "@cspell/dict-csharp": ["@cspell/dict-csharp@4.0.6", "", {}, "sha512-w/+YsqOknjQXmIlWDRmkW+BHBPJZ/XDrfJhZRQnp0wzpPOGml7W0q1iae65P2AFRtTdPKYmvSz7AL5ZRkCnSIw=="],

    "@cspell/dict-css": ["@cspell/dict-css@4.0.17", "", {}, "sha512-2EisRLHk6X/PdicybwlajLGKF5aJf4xnX2uuG5lexuYKt05xV/J/OiBADmi8q9obhxf1nesrMQbqAt+6CsHo/w=="],

    "@cspell/dict-dart": ["@cspell/dict-dart@2.3.0", "", {}, "sha512-1aY90lAicek8vYczGPDKr70pQSTQHwMFLbmWKTAI6iavmb1fisJBS1oTmMOKE4ximDf86MvVN6Ucwx3u/8HqLg=="],

    "@cspell/dict-data-science": ["@cspell/dict-data-science@2.0.8", "", {}, "sha512-uyAtT+32PfM29wRBeAkUSbkytqI8bNszNfAz2sGPtZBRmsZTYugKMEO9eDjAIE/pnT9CmbjNuoiXhk+Ss4fCOg=="],

    "@cspell/dict-django": ["@cspell/dict-django@4.1.4", "", {}, "sha512-fX38eUoPvytZ/2GA+g4bbdUtCMGNFSLbdJJPKX2vbewIQGfgSFJKY56vvcHJKAvw7FopjvgyS/98Ta9WN1gckg=="],

    "@cspell/dict-docker": ["@cspell/dict-docker@1.1.14", "", {}, "sha512-p6Qz5mokvcosTpDlgSUREdSbZ10mBL3ndgCdEKMqjCSZJFdfxRdNdjrGER3lQ6LMq5jGr1r7nGXA0gvUJK80nw=="],

    "@cspell/dict-dotnet": ["@cspell/dict-dotnet@5.0.9", "", {}, "sha512-JGD6RJW5sHtO5lfiJl11a5DpPN6eKSz5M1YBa1I76j4dDOIqgZB6rQexlDlK1DH9B06X4GdDQwdBfnpAB0r2uQ=="],

    "@cspell/dict-elixir": ["@cspell/dict-elixir@4.0.7", "", {}, "sha512-MAUqlMw73mgtSdxvbAvyRlvc3bYnrDqXQrx5K9SwW8F7fRYf9V4vWYFULh+UWwwkqkhX9w03ZqFYRTdkFku6uA=="],

    "@cspell/dict-en-common-misspellings": ["@cspell/dict-en-common-misspellings@2.0.11", "", {}, "sha512-xFQjeg0wFHh9sFhshpJ+5BzWR1m9Vu8pD0CGPkwZLK9oii8AD8RXNchabLKy/O5VTLwyqPOi9qpyp1cxm3US4Q=="],

    "@cspell/dict-en-gb": ["@cspell/dict-en-gb@1.1.33", "", {}, "sha512-tKSSUf9BJEV+GJQAYGw5e+ouhEe2ZXE620S7BLKe3ZmpnjlNG9JqlnaBhkIMxKnNFkLY2BP/EARzw31AZnOv4g=="],

    "@cspell/dict-en_us": ["@cspell/dict-en_us@4.4.9", "", {}, "sha512-5gjqpUwhE+qP9A9wxD1+MGGJ3DNqTgSpiOsS10cGJfV4p/Z194XkDUZrUrJsnJA/3fsCZHAzcNWh8m0bw1v++A=="],

    "@cspell/dict-filetypes": ["@cspell/dict-filetypes@3.0.12", "", {}, "sha512-+ds5wgNdlUxuJvhg8A1TjuSpalDFGCh7SkANCWvIplg6QZPXL4j83lqxP7PgjHpx7PsBUS7vw0aiHPjZy9BItw=="],

    "@cspell/dict-flutter": ["@cspell/dict-flutter@1.1.0", "", {}, "sha512-3zDeS7zc2p8tr9YH9tfbOEYfopKY/srNsAa+kE3rfBTtQERAZeOhe5yxrnTPoufctXLyuUtcGMUTpxr3dO0iaA=="],

    "@cspell/dict-fonts": ["@cspell/dict-fonts@4.0.4", "", {}, "sha512-cHFho4hjojBcHl6qxidl9CvUb492IuSk7xIf2G2wJzcHwGaCFa2o3gRcxmIg1j62guetAeDDFELizDaJlVRIOg=="],

    "@cspell/dict-fsharp": ["@cspell/dict-fsharp@1.1.0", "", {}, "sha512-oguWmHhGzgbgbEIBKtgKPrFSVAFtvGHaQS0oj+vacZqMObwkapcTGu7iwf4V3Bc2T3caf0QE6f6rQfIJFIAVsw=="],

    "@cspell/dict-fullstack": ["@cspell/dict-fullstack@3.2.6", "", {}, "sha512-cSaq9rz5RIU9j+0jcF2vnKPTQjxGXclntmoNp4XB7yFX2621PxJcekGjwf/lN5heJwVxGLL9toR0CBlGKwQBgA=="],

    "@cspell/dict-gaming-terms": ["@cspell/dict-gaming-terms@1.1.1", "", {}, "sha512-tb8GFxjTLDQstkJcJ90lDqF4rKKlMUKs5/ewePN9P+PYRSehqDpLI5S5meOfPit8LGszeOrjUdBQ4zXo7NpMyQ=="],

    "@cspell/dict-git": ["@cspell/dict-git@3.0.5", "", {}, "sha512-I7l86J2nOcpBY0OcwXLTGMbcXbEE7nxZme9DmYKrNgmt35fcLu+WKaiXW7P29V+lIXjJo/wKrEDY+wUEwVuABQ=="],

    "@cspell/dict-golang": ["@cspell/dict-golang@6.0.21", "", {}, "sha512-D3wG1MWhFx54ySFJ00CS1MVjR4UiBVsOWGIjJ5Av+HamnguqEshxbF9mvy+BX0KqzdLVzwFkoLBs8QeOID56HA=="],

    "@cspell/dict-google": ["@cspell/dict-google@1.0.8", "", {}, "sha512-BnMHgcEeaLyloPmBs8phCqprI+4r2Jb8rni011A8hE+7FNk7FmLE3kiwxLFrcZnnb7eqM0agW4zUaNoB0P+z8A=="],

    "@cspell/dict-haskell": ["@cspell/dict-haskell@4.0.5", "", {}, "sha512-s4BG/4tlj2pPM9Ha7IZYMhUujXDnI0Eq1+38UTTCpatYLbQqDwRFf2KNPLRqkroU+a44yTUAe0rkkKbwy4yRtQ=="],

    "@cspell/dict-html": ["@cspell/dict-html@4.0.11", "", {}, "sha512-QR3b/PB972SRQ2xICR1Nw/M44IJ6rjypwzA4jn+GH8ydjAX9acFNfc+hLZVyNe0FqsE90Gw3evLCOIF0vy1vQw=="],

    "@cspell/dict-html-symbol-entities": ["@cspell/dict-html-symbol-entities@4.0.3", "", {}, "sha512-aABXX7dMLNFdSE8aY844X4+hvfK7977sOWgZXo4MTGAmOzR8524fjbJPswIBK7GaD3+SgFZ2yP2o0CFvXDGF+A=="],

    "@cspell/dict-java": ["@cspell/dict-java@5.0.11", "", {}, "sha512-T4t/1JqeH33Raa/QK/eQe26FE17eUCtWu+JsYcTLkQTci2dk1DfcIKo8YVHvZXBnuM43ATns9Xs0s+AlqDeH7w=="],

    "@cspell/dict-julia": ["@cspell/dict-julia@1.1.0", "", {}, "sha512-CPUiesiXwy3HRoBR3joUseTZ9giFPCydSKu2rkh6I2nVjXnl5vFHzOMLXpbF4HQ1tH2CNfnDbUndxD+I+7eL9w=="],

    "@cspell/dict-k8s": ["@cspell/dict-k8s@1.0.10", "", {}, "sha512-313haTrX9prep1yWO7N6Xw4D6tvUJ0Xsx+YhCP+5YrrcIKoEw5Rtlg8R4PPzLqe6zibw6aJ+Eqq+y76Vx5BZkw=="],

    "@cspell/dict-latex": ["@cspell/dict-latex@4.0.3", "", {}, "sha512-2KXBt9fSpymYHxHfvhUpjUFyzrmN4c4P8mwIzweLyvqntBT3k0YGZJSriOdjfUjwSygrfEwiuPI1EMrvgrOMJw=="],

    "@cspell/dict-lorem-ipsum": ["@cspell/dict-lorem-ipsum@4.0.4", "", {}, "sha512-+4f7vtY4dp2b9N5fn0za/UR0kwFq2zDtA62JCbWHbpjvO9wukkbl4rZg4YudHbBgkl73HRnXFgCiwNhdIA1JPw=="],

    "@cspell/dict-lua": ["@cspell/dict-lua@4.0.7", "", {}, "sha512-Wbr7YSQw+cLHhTYTKV6cAljgMgcY+EUAxVIZW3ljKswEe4OLxnVJ7lPqZF5JKjlXdgCjbPSimsHqyAbC5pQN/Q=="],

    "@cspell/dict-makefile": ["@cspell/dict-makefile@1.0.4", "", {}, "sha512-E4hG/c0ekPqUBvlkrVvzSoAA+SsDA9bLi4xSV3AXHTVru7Y2bVVGMPtpfF+fI3zTkww/jwinprcU1LSohI3ylw=="],

    "@cspell/dict-markdown": ["@cspell/dict-markdown@2.0.10", "", { "peerDependencies": { "@cspell/dict-css": "^4.0.17", "@cspell/dict-html": "^4.0.11", "@cspell/dict-html-symbol-entities": "^4.0.3", "@cspell/dict-typescript": "^3.2.1" } }, "sha512-vtVa6L/84F9sTjclTYDkWJF/Vx2c5xzxBKkQp+CEFlxOF2SYgm+RSoEvAvg5vj4N5kuqR4350ZlY3zl2eA3MXw=="],

    "@cspell/dict-monkeyc": ["@cspell/dict-monkeyc@1.0.10", "", {}, "sha512-7RTGyKsTIIVqzbvOtAu6Z/lwwxjGRtY5RkKPlXKHEoEAgIXwfDxb5EkVwzGQwQr8hF/D3HrdYbRT8MFBfsueZw=="],

    "@cspell/dict-node": ["@cspell/dict-node@5.0.7", "", {}, "sha512-ZaPpBsHGQCqUyFPKLyCNUH2qzolDRm1/901IO8e7btk7bEDF56DN82VD43gPvD4HWz3yLs/WkcLa01KYAJpnOw=="],

    "@cspell/dict-npm": ["@cspell/dict-npm@5.2.4", "", {}, "sha512-/hK5ii9OzSOQkmTjkzJlEYWz+PBnz2hRq5Xu7d4aDURaynO9xMAcK31JJlKNQulBkVbQHxFZLUrzjdzdAr/Opw=="],

    "@cspell/dict-php": ["@cspell/dict-php@4.0.14", "", {}, "sha512-7zur8pyncYZglxNmqsRycOZ6inpDoVd4yFfz1pQRe5xaRWMiK3Km4n0/X/1YMWhh3e3Sl/fQg5Axb2hlN68t1g=="],

    "@cspell/dict-powershell": ["@cspell/dict-powershell@5.0.14", "", {}, "sha512-ktjjvtkIUIYmj/SoGBYbr3/+CsRGNXGpvVANrY0wlm/IoGlGywhoTUDYN0IsGwI2b8Vktx3DZmQkfb3Wo38jBA=="],

    "@cspell/dict-public-licenses": ["@cspell/dict-public-licenses@2.0.13", "", {}, "sha512-1Wdp/XH1ieim7CadXYE7YLnUlW0pULEjVl9WEeziZw3EKCAw8ZI8Ih44m4bEa5VNBLnuP5TfqC4iDautAleQzQ=="],

    "@cspell/dict-python": ["@cspell/dict-python@4.2.18", "", { "dependencies": { "@cspell/dict-data-science": "^2.0.8" } }, "sha512-hYczHVqZBsck7DzO5LumBLJM119a3F17aj8a7lApnPIS7cmEwnPc2eACNscAHDk7qAo2127oI7axUoFMe9/g1g=="],

    "@cspell/dict-r": ["@cspell/dict-r@2.1.0", "", {}, "sha512-k2512wgGG0lTpTYH9w5Wwco+lAMf3Vz7mhqV8+OnalIE7muA0RSuD9tWBjiqLcX8zPvEJr4LdgxVju8Gk3OKyA=="],

    "@cspell/dict-ruby": ["@cspell/dict-ruby@5.0.8", "", {}, "sha512-ixuTneU0aH1cPQRbWJvtvOntMFfeQR2KxT8LuAv5jBKqQWIHSxzGlp+zX3SVyoeR0kOWiu64/O5Yn836A5yMcQ=="],

    "@cspell/dict-rust": ["@cspell/dict-rust@4.0.11", "", {}, "sha512-OGWDEEzm8HlkSmtD8fV3pEcO2XBpzG2XYjgMCJCRwb2gRKvR+XIm6Dlhs04N/K2kU+iH8bvrqNpM8fS/BFl0uw=="],

    "@cspell/dict-scala": ["@cspell/dict-scala@5.0.7", "", {}, "sha512-yatpSDW/GwulzO3t7hB5peoWwzo+Y3qTc0pO24Jf6f88jsEeKmDeKkfgPbYuCgbE4jisGR4vs4+jfQZDIYmXPA=="],

    "@cspell/dict-shell": ["@cspell/dict-shell@1.1.0", "", {}, "sha512-D/xHXX7T37BJxNRf5JJHsvziFDvh23IF/KvkZXNSh8VqcRdod3BAz9VGHZf6VDqcZXr1VRqIYR3mQ8DSvs3AVQ=="],

    "@cspell/dict-software-terms": ["@cspell/dict-software-terms@4.2.5", "", {}, "sha512-CaRzkWti3AgcXoxuRcMijaNG7YUk/MH1rHjB8VX34v3UdCxXXeqvRyElRKnxhFeVLB/robb2UdShqh/CpskxRg=="],

    "@cspell/dict-sql": ["@cspell/dict-sql@2.2.0", "", {}, "sha512-MUop+d1AHSzXpBvQgQkCiok8Ejzb+nrzyG16E8TvKL2MQeDwnIvMe3bv90eukP6E1HWb+V/MA/4pnq0pcJWKqQ=="],

    "@cspell/dict-svelte": ["@cspell/dict-svelte@1.0.6", "", {}, "sha512-8LAJHSBdwHCoKCSy72PXXzz7ulGROD0rP1CQ0StOqXOOlTUeSFaJJlxNYjlONgd2c62XBQiN2wgLhtPN+1Zv7Q=="],

    "@cspell/dict-swift": ["@cspell/dict-swift@2.0.5", "", {}, "sha512-3lGzDCwUmnrfckv3Q4eVSW3sK3cHqqHlPprFJZD4nAqt23ot7fic5ALR7J4joHpvDz36nHX34TgcbZNNZOC/JA=="],

    "@cspell/dict-terraform": ["@cspell/dict-terraform@1.1.1", "", {}, "sha512-07KFDwCU7EnKl4hOZLsLKlj6Zceq/IsQ3LRWUyIjvGFfZHdoGtFdCp3ZPVgnFaAcd/DKv+WVkrOzUBSYqHopQQ=="],

    "@cspell/dict-typescript": ["@cspell/dict-typescript@3.2.1", "", {}, "sha512-jdnKg4rBl75GUBTsUD6nTJl7FGvaIt5wWcWP7TZSC3rV1LfkwvbUiY3PiGpfJlAIdnLYSeFWIpYU9gyVgz206w=="],

    "@cspell/dict-vue": ["@cspell/dict-vue@3.0.4", "", {}, "sha512-0dPtI0lwHcAgSiQFx8CzvqjdoXROcH+1LyqgROCpBgppommWpVhbQ0eubnKotFEXgpUCONVkeZJ6Ql8NbTEu+w=="],

    "@cspell/dynamic-import": ["@cspell/dynamic-import@8.16.0", "", { "dependencies": { "import-meta-resolve": "^4.1.0" } }, "sha512-FH+B5y71qfunagXiLSJhXP9h/Vwb1Z8Cc/hLmliGekw/Y8BuYknL86tMg9grXBYNmM0kifIv6ZesQl8Km/p/rA=="],

    "@cspell/filetypes": ["@cspell/filetypes@8.16.0", "", {}, "sha512-u2Ub0uSwXFPJFvXhAO/0FZBj3sMr4CeYCiQwTUsdFRkRMFpbTc7Vf+a+aC2vIj6WcaWrYXrJy3NZF/yjqF6SGw=="],

    "@cspell/strong-weak-map": ["@cspell/strong-weak-map@8.16.0", "", {}, "sha512-R6N12wEIQpBk2uyni/FU1SFSIjP0uql7ynXVcF1ob8/JJeRoikssydi9Xq5J6ghMw+X50u35mFvg9BgWKz0d+g=="],

    "@cspell/url": ["@cspell/url@8.16.0", "", {}, "sha512-zW+6hAieD/FjysfjY4mVv7iHWWasBP3ldj6L+xy2p4Kuax1nug7uuJqMHlAVude/OywNwENG0rYaP/P9Pg4O+w=="],

    "array-timsort": ["array-timsort@1.0.3", "", {}, "sha512-/+3GRL7dDAGEfM6TseQk/U+mi18TU2Ms9I3UlLdUMhz2hbvGNTKdj9xniwXfUqgYhHxRx0+8UnKkvlNwVU+cWQ=="],

    "base64-js": ["base64-js@1.5.1", "", {}, "sha512-AKpaYlHn8t4SVbOHCy+b5+KKgvR4vrsD8vbvrbiQJps7fKDTkjkDry6ji0rUJjC0kzbNePLwzxq8iypo41qeWA=="],

    "bl": ["bl@1.2.3", "", { "dependencies": { "readable-stream": "^2.3.5", "safe-buffer": "^5.1.1" } }, "sha512-pvcNpa0UU69UT341rO6AYy4FVAIkUHuZXRIWbq+zHnsVcRzDDjIAhGuuYoi0d//cwIwtt4pkpKycWEfjdV+vww=="],

    "boolean": ["boolean@3.2.0", "", {}, "sha512-d0II/GO9uf9lfUHH2BQsjxzRJZBdsjgsBiW4BvhWk/3qoKwQFjIDVN19PfX8F2D/r9PCMTtLWjYVCFrpeYUzsw=="],

    "braces": ["braces@3.0.3", "", { "dependencies": { "fill-range": "^7.1.1" } }, "sha512-yQbXgO/OSZVD2IsiLlro+7Hf6Q18EJrKSEsdoMzKePKXct3gvD8oLcOQdIzGupr5Fj+EDe8gO/lxc1BzfMpxvA=="],

    "buffer": ["buffer@5.7.1", "", { "dependencies": { "base64-js": "^1.3.1", "ieee754": "^1.1.13" } }, "sha512-EHcyIPBQ4BSGlvjB16k5KgAJ27CIsHY/2JBmCRReo48y9rQ3MaUzWX3KVlBa4U7MyX02HdVj0K7C3WaB3ju7FQ=="],

    "buffer-alloc": ["buffer-alloc@1.2.0", "", { "dependencies": { "buffer-alloc-unsafe": "^1.1.0", "buffer-fill": "^1.0.0" } }, "sha512-CFsHQgjtW1UChdXgbyJGtnm+O/uLQeZdtbDo8mfUgYXCHSM1wgrVxXm6bSyrUuErEb+4sYVGCzASBRot7zyrow=="],

    "buffer-alloc-unsafe": ["buffer-alloc-unsafe@1.1.0", "", {}, "sha512-TEM2iMIEQdJ2yjPJoSIsldnleVaAk1oW3DBVUykyOLsEsFmEc9kn+SFFPz+gl54KQNxlDnAwCXosOS9Okx2xAg=="],

    "buffer-crc32": ["buffer-crc32@0.2.13", "", {}, "sha512-VO9Ht/+p3SN7SKWqcrgEzjGbRSJYTx+Q1pTQC0wrWqHx0vpJraQ6GtHx8tvcg1rlK1byhU5gccxgOgj7B0TDkQ=="],

    "buffer-fill": ["buffer-fill@1.0.0", "", {}, "sha512-T7zexNBwiiaCOGDg9xNX9PBmjrubblRkENuptryuI64URkXDFum9il/JGL8Lm8wYfAXpredVXXZz7eMHilimiQ=="],

    "callsites": ["callsites@3.1.0", "", {}, "sha512-P8BjAsXvZS+VIDUI11hHCQEv74YT67YUi5JJFNWIqL235sBmjX4+qx9Muvls5ivyNENctx46xQLQ3aTuE7ssaQ=="],

    "chalk": ["chalk@5.4.1", "", {}, "sha512-zgVZuo2WcZgfUEmsn6eO3kINexW8RAE4maiQ8QNs8CtpPCSyMiYsULR3HQYkm3w8FIA3SberyMJMSldGsW+U3w=="],

    "chalk-template": ["chalk-template@1.1.0", "", { "dependencies": { "chalk": "^5.2.0" } }, "sha512-T2VJbcDuZQ0Tb2EWwSotMPJjgpy1/tGee1BTpUNsGZ/qgNjV2t7Mvu+d4600U564nbLesN1x2dPL+xii174Ekg=="],

    "clear-module": ["clear-module@4.1.2", "", { "dependencies": { "parent-module": "^2.0.0", "resolve-from": "^5.0.0" } }, "sha512-LWAxzHqdHsAZlPlEyJ2Poz6AIs384mPeqLVCru2p0BrP9G/kVGuhNyZYClLO6cXlnuJjzC8xtsJIuMjKqLXoAw=="],

    "commander": ["commander@12.1.0", "", {}, "sha512-Vw8qHK3bZM9y/P10u3Vib8o/DdkvA2OtPtZvD871QKjy74Wj1WSKFILMPRPSdUSx5RFK1arlJzEtA4PkFgnbuA=="],

    "comment-json": ["comment-json@4.2.5", "", { "dependencies": { "array-timsort": "^1.0.3", "core-util-is": "^1.0.3", "esprima": "^4.0.1", "has-own-prop": "^2.0.0", "repeat-string": "^1.6.1" } }, "sha512-bKw/r35jR3HGt5PEPm1ljsQQGyCrR8sFGNiN5L+ykDHdpO8Smxkrkla9Yi6NkQyUrb8V54PGhfMs6NrIwtxtdw=="],

    "core-util-is": ["core-util-is@1.0.3", "", {}, "sha512-ZQBvi1DcpJ4GDqanjucZ2Hj3wEO5pZDS89BWbkcrvdxksJorwUDDZamX9ldFkp9aw2lmBDLgkObEA4DWNJ9FYQ=="],

    "cspell": ["cspell@8.16.0", "", { "dependencies": { "@cspell/cspell-json-reporter": "8.16.0", "@cspell/cspell-pipe": "8.16.0", "@cspell/cspell-types": "8.16.0", "@cspell/dynamic-import": "8.16.0", "@cspell/url": "8.16.0", "chalk": "^5.3.0", "chalk-template": "^1.1.0", "commander": "^12.1.0", "cspell-dictionary": "8.16.0", "cspell-gitignore": "8.16.0", "cspell-glob": "8.16.0", "cspell-io": "8.16.0", "cspell-lib": "8.16.0", "fast-json-stable-stringify": "^2.1.0", "file-entry-cache": "^9.1.0", "get-stdin": "^9.0.0", "semver": "^7.6.3", "tinyglobby": "^0.2.10" }, "bin": { "cspell": "bin.mjs", "cspell-esm": "bin.mjs" } }, "sha512-U6Up/4nODE+Ca+zqwZXTgBioGuF2JQHLEUIuoRJkJzAZkIBYDqrMXM+zdSL9E39+xb9jAtr9kPAYJf1Eybgi9g=="],

    "cspell-config-lib": ["cspell-config-lib@8.16.0", "", { "dependencies": { "@cspell/cspell-types": "8.16.0", "comment-json": "^4.2.5", "yaml": "^2.6.0" } }, "sha512-PGT6ohLtIYXYLIm+R5hTcTrF0dzj8e7WAUJSJe5WlV/7lrwVdwgWaliLcXtSSPmfxgczr6sndX9TMJ2IEmPrmg=="],

    "cspell-dictionary": ["cspell-dictionary@8.16.0", "", { "dependencies": { "@cspell/cspell-pipe": "8.16.0", "@cspell/cspell-types": "8.16.0", "cspell-trie-lib": "8.16.0", "fast-equals": "^5.0.1" } }, "sha512-Y3sN6ttLBKbu0dOLcduY641n5QP1srUvZkW4bOTnG455DbIZfilrP1El/2Hl0RS6hC8LN9PM4bsIm/2xgdbApA=="],

    "cspell-gitignore": ["cspell-gitignore@8.16.0", "", { "dependencies": { "@cspell/url": "8.16.0", "cspell-glob": "8.16.0", "cspell-io": "8.16.0", "find-up-simple": "^1.0.0" }, "bin": { "cspell-gitignore": "bin.mjs" } }, "sha512-ODKe0ooyzYSBJkwgIVZSRIvzoZfT4tEbFt4fFDT88wPyyfX7xp7MAQhXy5KD1ocXH0WvYbdv37qzn2UbckrahA=="],

    "cspell-glob": ["cspell-glob@8.16.0", "", { "dependencies": { "@cspell/url": "8.16.0", "micromatch": "^4.0.8" } }, "sha512-xJSXRHwfENCNFmjpVSEucXY8E3BrpSCA+TukmOYtLyaMKtn6EAwoCpEU7Oj2tZOjdivprPmQ74k4Dqb1RHjIVQ=="],

    "cspell-grammar": ["cspell-grammar@8.16.0", "", { "dependencies": { "@cspell/cspell-pipe": "8.16.0", "@cspell/cspell-types": "8.16.0" }, "bin": { "cspell-grammar": "bin.mjs" } }, "sha512-vvbJEkBqXocGH/H975RtkfMzVpNxNGMd0JCDd+NjbpeRyZceuChFw5Tie7kHteFY29SwZovub+Am3F4H1kmf9A=="],

    "cspell-io": ["cspell-io@8.16.0", "", { "dependencies": { "@cspell/cspell-service-bus": "8.16.0", "@cspell/url": "8.16.0" } }, "sha512-WIK5uhPMjGsTAzm2/fGRbIdr7zWsMVG1fn8wNJYUiYELuyvzvLelfI1VG6szaFCGYqd6Uvgb/fS0uNbwGqCLAQ=="],

    "cspell-lib": ["cspell-lib@8.16.0", "", { "dependencies": { "@cspell/cspell-bundled-dicts": "8.16.0", "@cspell/cspell-pipe": "8.16.0", "@cspell/cspell-resolver": "8.16.0", "@cspell/cspell-types": "8.16.0", "@cspell/dynamic-import": "8.16.0", "@cspell/filetypes": "8.16.0", "@cspell/strong-weak-map": "8.16.0", "@cspell/url": "8.16.0", "clear-module": "^4.1.2", "comment-json": "^4.2.5", "cspell-config-lib": "8.16.0", "cspell-dictionary": "8.16.0", "cspell-glob": "8.16.0", "cspell-grammar": "8.16.0", "cspell-io": "8.16.0", "cspell-trie-lib": "8.16.0", "env-paths": "^3.0.0", "fast-equals": "^5.0.1", "gensequence": "^7.0.0", "import-fresh": "^3.3.0", "resolve-from": "^5.0.0", "vscode-languageserver-textdocument": "^1.0.12", "vscode-uri": "^3.0.8", "xdg-basedir": "^5.1.0" } }, "sha512-fU8CfECyuhT12COIi4ViQu2bTkdqaa+05YSd2ZV8k8NA7lapPaMFnlooxdfcwwgZJfHeMhRVMzvQF1OhWmwGfA=="],

    "cspell-trie-lib": ["cspell-trie-lib@8.16.0", "", { "dependencies": { "@cspell/cspell-pipe": "8.16.0", "@cspell/cspell-types": "8.16.0", "gensequence": "^7.0.0" } }, "sha512-Io1qqI0r4U9ewAWBLClFBBlxLeAoIi15PUGJi4Za1xrlgQJwRE8PMNIJNHKmPEIp78Iute3o/JyC2OfWlxl4Sw=="],

    "decompress": ["decompress@4.2.1", "", { "dependencies": { "decompress-tar": "^4.0.0", "decompress-tarbz2": "^4.0.0", "decompress-targz": "^4.0.0", "decompress-unzip": "^4.0.1", "graceful-fs": "^4.1.10", "make-dir": "^1.0.0", "pify": "^2.3.0", "strip-dirs": "^2.0.0" } }, "sha512-e48kc2IjU+2Zw8cTb6VZcJQ3lgVbS4uuB1TfCHbiZIP/haNXm+SVyhu+87jts5/3ROpd82GSVCoNs/z8l4ZOaQ=="],

    "decompress-tar": ["decompress-tar@4.1.1", "", { "dependencies": { "file-type": "^5.2.0", "is-stream": "^1.1.0", "tar-stream": "^1.5.2" } }, "sha512-JdJMaCrGpB5fESVyxwpCx4Jdj2AagLmv3y58Qy4GE6HMVjWz1FeVQk1Ct4Kye7PftcdOo/7U7UKzYBJgqnGeUQ=="],

    "decompress-tarbz2": ["decompress-tarbz2@4.1.1", "", { "dependencies": { "decompress-tar": "^4.1.0", "file-type": "^6.1.0", "is-stream": "^1.1.0", "seek-bzip": "^1.0.5", "unbzip2-stream": "^1.0.9" } }, "sha512-s88xLzf1r81ICXLAVQVzaN6ZmX4A6U4z2nMbOwobxkLoIIfjVMBg7TeguTUXkKeXni795B6y5rnvDw7rxhAq9A=="],

    "decompress-targz": ["decompress-targz@4.1.1", "", { "dependencies": { "decompress-tar": "^4.1.1", "file-type": "^5.2.0", "is-stream": "^1.1.0" } }, "sha512-4z81Znfr6chWnRDNfFNqLwPvm4db3WuZkqV+UgXQzSngG3CEKdBkw5jrv3axjjL96glyiiKjsxJG3X6WBZwX3w=="],

    "decompress-unzip": ["decompress-unzip@4.0.1", "", { "dependencies": { "file-type": "^3.8.0", "get-stream": "^2.2.0", "pify": "^2.3.0", "yauzl": "^2.4.2" } }, "sha512-1fqeluvxgnn86MOh66u8FjbtJpAFv5wgCT9Iw8rcBqQcCo5tO8eiJw7NNTrvt9n4CRBVq7CstiS922oPgyGLrw=="],

    "define-data-property": ["define-data-property@1.1.4", "", { "dependencies": { "es-define-property": "^1.0.0", "es-errors": "^1.3.0", "gopd": "^1.0.1" } }, "sha512-rBMvIzlpA8v6E+SJZoo++HAYqsLrkg7MSfIinMPFhmkorw7X+dOXVJQs+QT69zGkzMyfDnIMN2Wid1+NbL3T+A=="],

    "define-properties": ["define-properties@1.2.1", "", { "dependencies": { "define-data-property": "^1.0.1", "has-property-descriptors": "^1.0.0", "object-keys": "^1.1.1" } }, "sha512-8QmQKqEASLd5nx0U1B1okLElbUuuttJ/AnYmRXbbbGDWh6uS208EjD4Xqq/I9wK7u0v6O08XhTWnt5XtEbR6Dg=="],

    "detect-node": ["detect-node@2.1.0", "", {}, "sha512-T0NIuQpnTvFDATNuHN5roPwSBG83rFsuO+MXXH9/3N1eFbn4wcPjttvjMLEPWJ0RGUYgQE7cGgS3tNxbqCGM7g=="],

    "end-of-stream": ["end-of-stream@1.4.4", "", { "dependencies": { "once": "^1.4.0" } }, "sha512-+uw1inIHVPQoaVuHzRyXd21icM+cnt4CzD5rW+NC1wjOUSTOs+Te7FOv7AhN7vS9x/oIyhLP5PR1H+phQAHu5Q=="],

    "env-paths": ["env-paths@3.0.0", "", {}, "sha512-dtJUTepzMW3Lm/NPxRf3wP4642UWhjL2sQxc+ym2YMj1m/H2zDNQOlezafzkHwn6sMstjHTwG6iQQsctDW/b1A=="],

    "envalid": ["envalid@8.0.0", "", { "dependencies": { "tslib": "2.6.2" } }, "sha512-PGeYJnJB5naN0ME6SH8nFcDj9HVbLpYIfg1p5lAyM9T4cH2lwtu2fLbozC/bq+HUUOIFxhX/LP0/GmlqPHT4tQ=="],

    "es-define-property": ["es-define-property@1.0.1", "", {}, "sha512-e3nRfgfUZ4rNGL232gUgX06QNyyez04KdjFrF+LTRoOXmrOgFKDg4BCdsjW8EnT69eqdYGmRpJwiPVYNrCaW3g=="],

    "es-errors": ["es-errors@1.3.0", "", {}, "sha512-Zf5H2Kxt2xjTvbJvP2ZWLEICxA6j+hAmMzIlypy4xcBg1vKVnx89Wy0GbS+kf5cwCVFFzdCFh2XSCFNULS6csw=="],

    "es6-error": ["es6-error@4.1.1", "", {}, "sha512-Um/+FxMr9CISWh0bi5Zv0iOD+4cFh5qLeks1qhAopKVAJw3drgKbKySikp7wGhDL0HPeaja0P5ULZrxLkniUVg=="],

    "escape-string-regexp": ["escape-string-regexp@4.0.0", "", {}, "sha512-TtpcNJ3XAzx3Gq8sWRzJaVajRs0uVxA2YAkdb1jm2YkPz4G6egUFAyA3n5vtEIZefPk5Wa4UXbKuS5fKkJWdgA=="],

    "esprima": ["esprima@4.0.1", "", { "bin": { "esparse": "./bin/esparse.js", "esvalidate": "./bin/esvalidate.js" } }, "sha512-eGuFFw7Upda+g4p+QHvnW0RyTX/SVeJBDM/gCtMARO0cLuT2HcEKnTPvhjV6aGeqrCB/sbNop0Kszm0jsaWU4A=="],

    "fast-equals": ["fast-equals@5.2.2", "", {}, "sha512-V7/RktU11J3I36Nwq2JnZEM7tNm17eBJz+u25qdxBZeCKiX6BkVSZQjwWIr+IobgnZy+ag73tTZgZi7tr0LrBw=="],

    "fast-json-stable-stringify": ["fast-json-stable-stringify@2.1.0", "", {}, "sha512-lhd/wF+Lk98HZoTCtlVraHtfh5XYijIjalXck7saUtuanSDyLMxnHhSXEDJqHxD7msR8D0uCmqlkwjCV8xvwHw=="],

    "fd-slicer": ["fd-slicer@1.1.0", "", { "dependencies": { "pend": "~1.2.0" } }, "sha512-cE1qsB/VwyQozZ+q1dGxR8LBYNZeofhEdUNGSMbQD3Gw2lAzX9Zb3uIU6Ebc/Fmyjo9AWWfnn0AUCHqtevs/8g=="],

    "fdir": ["fdir@6.4.5", "", { "peerDependencies": { "picomatch": "^3 || ^4" }, "optionalPeers": ["picomatch"] }, "sha512-4BG7puHpVsIYxZUbiUE3RqGloLaSSwzYie5jvasC4LWuBWzZawynvYouhjbQKw2JuIGYdm0DzIxl8iVidKlUEw=="],

    "file-entry-cache": ["file-entry-cache@9.1.0", "", { "dependencies": { "flat-cache": "^5.0.0" } }, "sha512-/pqPFG+FdxWQj+/WSuzXSDaNzxgTLr/OrR1QuqfEZzDakpdYE70PwUxL7BPUa8hpjbvY1+qvCl8k+8Tq34xJgg=="],

    "file-type": ["file-type@5.2.0", "", {}, "sha512-Iq1nJ6D2+yIO4c8HHg4fyVb8mAJieo1Oloy1mLLaB2PvezNedhBVm+QU7g0qM42aiMbRXTxKKwGD17rjKNJYVQ=="],

    "fill-range": ["fill-range@7.1.1", "", { "dependencies": { "to-regex-range": "^5.0.1" } }, "sha512-YsGpe3WHLK8ZYi4tWDg2Jy3ebRz2rXowDxnld4bkQB00cc/1Zw9AWnC0i9ztDJitivtQvaI9KaLyKrc+hBW0yg=="],

    "find-up-simple": ["find-up-simple@1.0.1", "", {}, "sha512-afd4O7zpqHeRyg4PfDQsXmlDe2PfdHtJt6Akt8jOWaApLOZk5JXs6VMR29lz03pRe9mpykrRCYIYxaJYcfpncQ=="],

    "flat-cache": ["flat-cache@5.0.0", "", { "dependencies": { "flatted": "^3.3.1", "keyv": "^4.5.4" } }, "sha512-JrqFmyUl2PnPi1OvLyTVHnQvwQ0S+e6lGSwu8OkAZlSaNIZciTY2H/cOOROxsBA1m/LZNHDsqAgDZt6akWcjsQ=="],

    "flatted": ["flatted@3.3.3", "", {}, "sha512-GX+ysw4PBCz0PzosHDepZGANEuFCMLrnRTiEy9McGjmkCQYwRq4A/X786G/fjM/+OjsWSU1ZrY5qyARZmO/uwg=="],

    "fs-constants": ["fs-constants@1.0.0", "", {}, "sha512-y6OAwoSIf7FyjMIv94u+b5rdheZEjzR63GTyZJm5qh4Bi+2YgwLCcI/fPFZkL5PSixOt6ZNKm+w+Hfp/Bciwow=="],

    "gensequence": ["gensequence@7.0.0", "", {}, "sha512-47Frx13aZh01afHJTB3zTtKIlFI6vWY+MYCN9Qpew6i52rfKjnhCF/l1YlC8UmEMvvntZZ6z4PiCcmyuedR2aQ=="],

    "get-stdin": ["get-stdin@9.0.0", "", {}, "sha512-dVKBjfWisLAicarI2Sf+JuBE/DghV4UzNAVe9yhEJuzeREd3JhOTE9cUaJTeSa77fsbQUK3pcOpJfM59+VKZaA=="],

    "get-stream": ["get-stream@2.3.1", "", { "dependencies": { "object-assign": "^4.0.1", "pinkie-promise": "^2.0.0" } }, "sha512-AUGhbbemXxrZJRD5cDvKtQxLuYaIbNtDTK8YqupCI393Q2KSTreEsLUN3ZxAWFGiKTzL6nKuzfcIvieflUX9qA=="],

    "global-agent": ["global-agent@3.0.0", "", { "dependencies": { "boolean": "^3.0.1", "es6-error": "^4.1.1", "matcher": "^3.0.0", "roarr": "^2.15.3", "semver": "^7.3.2", "serialize-error": "^7.0.1" } }, "sha512-PT6XReJ+D07JvGoxQMkT6qji/jVNfX/h364XHZOWeRzy64sSFr+xJ5OX7LI3b4MPQzdL4H8Y8M0xzPpsVMwA8Q=="],

    "global-directory": ["global-directory@4.0.1", "", { "dependencies": { "ini": "4.1.1" } }, "sha512-wHTUcDUoZ1H5/0iVqEudYW4/kAlN5cZ3j/bXn0Dpbizl9iaUVeWSHqiOjsgk6OW2bkLclbBjzewBz6weQ1zA2Q=="],

    "globalthis": ["globalthis@1.0.4", "", { "dependencies": { "define-properties": "^1.2.1", "gopd": "^1.0.1" } }, "sha512-DpLKbNU4WylpxJykQujfCcwYWiV/Jhm50Goo0wrVILAv5jOr9d+H+UR3PhSCD2rCCEIg0uc+G+muBTwD54JhDQ=="],

    "gopd": ["gopd@1.2.0", "", {}, "sha512-ZUKRh6/kUFoAiTAtTYPZJ3hw9wNxx+BIBOijnlG9PnrJsCcSjs1wyyD6vJpaYtgnzDrKYRSqf3OO6Rfa93xsRg=="],

    "graceful-fs": ["graceful-fs@4.2.11", "", {}, "sha512-RbJ5/jmFcNNCcDV5o9eTnBLJ/HszWV0P73bc+Ff4nS/rJj+YaS6IGyiOL0VoBYX+l1Wrl3k63h/KrH+nhJ0XvQ=="],

    "has-own-prop": ["has-own-prop@2.0.0", "", {}, "sha512-Pq0h+hvsVm6dDEa8x82GnLSYHOzNDt7f0ddFa3FqcQlgzEiptPqL+XrOJNavjOzSYiYWIrgeVYYgGlLmnxwilQ=="],

    "has-property-descriptors": ["has-property-descriptors@1.0.2", "", { "dependencies": { "es-define-property": "^1.0.0" } }, "sha512-55JNKuIW+vq4Ke1BjOTjM2YctQIvCT7GFzHwmfZPGo5wnrgkid0YQtnAleFSqumZm4az3n2BS+erby5ipJdgrg=="],

    "ieee754": ["ieee754@1.2.1", "", {}, "sha512-dcyqhDvX1C46lXZcVqCpK+FtMRQVdIMN6/Df5js2zouUsqG7I6sFxitIC+7KYK29KdXOLHdu9zL4sFnoVQnqaA=="],

    "import-fresh": ["import-fresh@3.3.1", "", { "dependencies": { "parent-module": "^1.0.0", "resolve-from": "^4.0.0" } }, "sha512-TR3KfrTZTYLPB6jUjfx6MF9WcWrHL9su5TObK4ZkYgBdWKPOFoSoQIdEuTuR82pmtxH2spWG9h6etwfr1pLBqQ=="],

    "import-meta-resolve": ["import-meta-resolve@4.1.0", "", {}, "sha512-I6fiaX09Xivtk+THaMfAwnA3MVA5Big1WHF1Dfx9hFuvNIWpXnorlkzhcQf6ehrqQiiZECRt1poOAkPmer3ruw=="],

    "inherits": ["inherits@2.0.4", "", {}, "sha512-k/vGaX4/Yla3WzyMCvTQOXYeIHvqOKtnqBduzTHpzpQZzAskKMhZ2K+EnBiSM9zGSoIFeMpXKxa4dYeZIQqewQ=="],

    "ini": ["ini@4.1.1", "", {}, "sha512-QQnnxNyfvmHFIsj7gkPcYymR8Jdw/o7mp5ZFihxn6h8Ci6fh3Dx4E1gPjpQEpIuPo9XVNY/ZUwh4BPMjGyL01g=="],

    "is-natural-number": ["is-natural-number@4.0.1", "", {}, "sha512-Y4LTamMe0DDQIIAlaer9eKebAlDSV6huy+TWhJVPlzZh2o4tRP5SQWFlLn5N0To4mDD22/qdOq+veo1cSISLgQ=="],

    "is-number": ["is-number@7.0.0", "", {}, "sha512-41Cifkg6e8TylSpdtTpeLVMqvSBEVzTttHvERD741+pnZ8ANv0004MRL43QKPDlK9cGvNp6NZWZUBlbGXYxxng=="],

    "is-stream": ["is-stream@1.1.0", "", {}, "sha512-uQPm8kcs47jx38atAcWTVxyltQYoPT68y9aWYdV6yWXSyW8mzSat0TL6CiWdZeCdF3KrAvpVtnHbTv4RN+rqdQ=="],

    "isarray": ["isarray@1.0.0", "", {}, "sha512-VLghIWNM6ELQzo7zwmcg0NmTVyWKYjvIeM83yjp0wRDTmUnrM678fQbcKBo6n2CJEF0szoG//ytg+TKla89ALQ=="],

    "json-buffer": ["json-buffer@3.0.1", "", {}, "sha512-4bV5BfR2mqfQTJm+V5tPPdf+ZpuhiIvTuAB5g8kcrXOZpTT/QwwVRWBywX1ozr6lEuPdbHxwaJlm9G6mI2sfSQ=="],

    "json-stringify-safe": ["json-stringify-safe@5.0.1", "", {}, "sha512-ZClg6AaYvamvYEE82d3Iyd3vSSIjQ+odgjaTzRuO3s7toCdFKczob2i0zCh7JE8kWn17yvAWhUVxvqGwUalsRA=="],

    "keyv": ["keyv@4.5.4", "", { "dependencies": { "json-buffer": "3.0.1" } }, "sha512-oxVHkHR/EJf2CNXnWxRLW6mg7JyCCUcG0DtEGmL2ctUo1PNTin1PUil+r/+4r5MpVgC/fn1kjsx7mjSujKqIpw=="],

    "lefthook": ["lefthook@1.8.4", "", { "optionalDependencies": { "lefthook-darwin-arm64": "1.8.4", "lefthook-darwin-x64": "1.8.4", "lefthook-freebsd-arm64": "1.8.4", "lefthook-freebsd-x64": "1.8.4", "lefthook-linux-arm64": "1.8.4", "lefthook-linux-x64": "1.8.4", "lefthook-openbsd-arm64": "1.8.4", "lefthook-openbsd-x64": "1.8.4", "lefthook-windows-arm64": "1.8.4", "lefthook-windows-x64": "1.8.4" }, "bin": { "lefthook": "bin/index.js" } }, "sha512-XNyMaTWNRuADOaocYiHidgNkNDz8SCekpdNJ7lqceFcBT2zjumnb28/o7IMaNROpLBZdQkLkJXSeaQWGqn3kog=="],

    "lefthook-darwin-arm64": ["lefthook-darwin-arm64@1.8.4", "", { "os": "darwin", "cpu": "arm64" }, "sha512-OS5MsU0gvd8LYSpuQCHtmDUqwNrJ/LjCO0LGC1wNepY4OkuVl9DfX+rQ506CVUQYZiGVcwy2/qPOOBjNzA5+wQ=="],

    "lefthook-darwin-x64": ["lefthook-darwin-x64@1.8.4", "", { "os": "darwin", "cpu": "x64" }, "sha512-QLRsqK9aTMRcVW8qz4pzI2OWnGCEcaEPJlIiFjwstYsS+wfkooxOS0UkfVMjy+QoGgEcki+cxF/FoY7lE7DDtw=="],

    "lefthook-freebsd-arm64": ["lefthook-freebsd-arm64@1.8.4", "", { "os": "freebsd", "cpu": "arm64" }, "sha512-chnQ1m/Cmn9c0sLdk5HL2SToE5LBJv5uQMdH1IGRRcw+nEqWqrMnDXvM75caiJAyjmUGvPH3czKTJDzTFV1E+A=="],

    "lefthook-freebsd-x64": ["lefthook-freebsd-x64@1.8.4", "", { "os": "freebsd", "cpu": "x64" }, "sha512-KQi+WBUdnGLnK0rHOR58kbMH5TDVN1ZjZLu66Pv9FCG7Y7shR1qtaTXu+wmxdRhMvaLeQIXRsUEPjNRC66yMmA=="],

    "lefthook-linux-arm64": ["lefthook-linux-arm64@1.8.4", "", { "os": "linux", "cpu": "arm64" }, "sha512-CXNcqIskLwTwQARidGdFqmNxpvOU3jsWPK4KA7pq2+QmlWJ64w98ebMvNBoUmRUCXqzmUm7Udf/jpfz2fobewQ=="],

    "lefthook-linux-x64": ["lefthook-linux-x64@1.8.4", "", { "os": "linux", "cpu": "x64" }, "sha512-pVNITkFBxUCEtamWSM/res2Gd48+m9YKbNyIBndAuZVC5pKV5aGKZy2DNq6PWUPYiUDPx+7hoAtCJg/tlAiqhw=="],

    "lefthook-openbsd-arm64": ["lefthook-openbsd-arm64@1.8.4", "", { "os": "openbsd", "cpu": "arm64" }, "sha512-l+i/Dg5X36kYzhpMGSPE3rMbWy1KSytbLB9lY1PmxYb6LRH6iQTYIoxvLabVUwSBPSq8HtIFa50+bvC5+scfVA=="],

    "lefthook-openbsd-x64": ["lefthook-openbsd-x64@1.8.4", "", { "os": "openbsd", "cpu": "x64" }, "sha512-CqhDDPPX8oHzMLgNi/Reba823DRzj+eMNWQ8axvSiIG+zmG1w20xZH5QSs/mD3tjrND90yfDd90mWMt181qPyA=="],

    "lefthook-windows-arm64": ["lefthook-windows-arm64@1.8.4", "", { "os": "win32", "cpu": "arm64" }, "sha512-dvpvorICmVjmw29Aiczg7DcaSzkd86bEBomiGq4UsAEk3+7ExLrlWJDLFsI6xLjMKmTxy+F7eXb2uDtuFC1N4g=="],

    "lefthook-windows-x64": ["lefthook-windows-x64@1.8.4", "", { "os": "win32", "cpu": "x64" }, "sha512-e+y8Jt4/7PnoplhOuK48twjGVJEsU4T3J5kxD4mWfl6Cbit0YSn4bme9nW41eqCqTUqOm+ky29XlfnPHFX5ZNA=="],

    "make-dir": ["make-dir@1.3.0", "", { "dependencies": { "pify": "^3.0.0" } }, "sha512-2w31R7SJtieJJnQtGc7RVL2StM2vGYVfqUOvUDxH6bC6aJTxPxTF0GnIgCyu7tjockiUWAYQRbxa7vKn34s5sQ=="],

    "matcher": ["matcher@3.0.0", "", { "dependencies": { "escape-string-regexp": "^4.0.0" } }, "sha512-OkeDaAZ/bQCxeFAozM55PKcKU0yJMPGifLwV4Qgjitu+5MoAfSQN4lsLJeXZ1b8w0x+/Emda6MZgXS1jvsapng=="],

    "micromatch": ["micromatch@4.0.8", "", { "dependencies": { "braces": "^3.0.3", "picomatch": "^2.3.1" } }, "sha512-PXwfBhYu0hBCPw8Dn0E+WDYb7af3dSLVWKi3HGv84IdF4TyFoC0ysxFd0Goxw7nSv4T/PzEJQxsYsEiFCKo2BA=="],

    "object-assign": ["object-assign@4.1.1", "", {}, "sha512-rJgTQnkUnH1sFw8yT6VSU3zD3sWmu6sZhIseY8VX+GRu3P6F7Fu+JNDoXfklElbLJSnc3FUQHVe4cU5hj+BcUg=="],

    "object-keys": ["object-keys@1.1.1", "", {}, "sha512-NuAESUOUMrlIXOfHKzD6bpPu3tYt3xvjNdRIQ+FeT0lNb4K8WR70CaDxhuNguS2XG+GjkyMwOzsN5ZktImfhLA=="],

    "once": ["once@1.4.0", "", { "dependencies": { "wrappy": "1" } }, "sha512-lNaJgI+2Q5URQBkccEKHTQOPaXdUxnZZElQTZY0MFUAuaEqe1E+Nyvgdz/aIyNi6Z9MzO5dv1H8n58/GELp3+w=="],

    "only-allow": ["only-allow@1.2.1", "", { "dependencies": { "which-pm-runs": "^1.1.0" }, "bin": { "only-allow": "bin.js" } }, "sha512-M7CJbmv7UCopc0neRKdzfoGWaVZC+xC1925GitKH9EAqYFzX9//25Q7oX4+jw0tiCCj+t5l6VZh8UPH23NZkMA=="],

    "parent-module": ["parent-module@2.0.0", "", { "dependencies": { "callsites": "^3.1.0" } }, "sha512-uo0Z9JJeWzv8BG+tRcapBKNJ0dro9cLyczGzulS6EfeyAdeC9sbojtW6XwvYxJkEne9En+J2XEl4zyglVeIwFg=="],

    "pend": ["pend@1.2.0", "", {}, "sha512-F3asv42UuXchdzt+xXqfW1OGlVBe+mxa2mqI0pg5yAHZPvFmY3Y6drSf/GQ1A86WgWEN9Kzh/WrgKa6iGcHXLg=="],

    "picomatch": ["picomatch@4.0.2", "", {}, "sha512-M7BAV6Rlcy5u+m6oPhAPFgJTzAioX/6B0DxyvDlo9l8+T3nLKbrczg2WLUyzd45L8RqfUMyGPzekbMvX2Ldkwg=="],

    "pify": ["pify@2.3.0", "", {}, "sha512-udgsAY+fTnvv7kI7aaxbqwWNb0AHiB0qBO89PZKPkoTmGOgdbrHDKD+0B2X4uTfJ/FT1R09r9gTsjUjNJotuog=="],

    "pinkie": ["pinkie@2.0.4", "", {}, "sha512-MnUuEycAemtSaeFSjXKW/aroV7akBbY+Sv+RkyqFjgAe73F+MR0TBWKBRDkmfWq/HiFmdavfZ1G7h4SPZXaCSg=="],

    "pinkie-promise": ["pinkie-promise@2.0.1", "", { "dependencies": { "pinkie": "^2.0.0" } }, "sha512-0Gni6D4UcLTbv9c57DfxDGdr41XfgUjqWZu492f0cIGr16zDU06BWP/RAEvOuo7CQ0CNjHaLlM59YJJFm3NWlw=="],

    "process-nextick-args": ["process-nextick-args@2.0.1", "", {}, "sha512-3ouUOpQhtgrbOa17J7+uxOTpITYWaGP7/AhoR3+A+/1e9skrzelGi/dXzEYyvbxubEF6Wn2ypscTKiKJFFn1ag=="],

    "readable-stream": ["readable-stream@2.3.8", "", { "dependencies": { "core-util-is": "~1.0.0", "inherits": "~2.0.3", "isarray": "~1.0.0", "process-nextick-args": "~2.0.0", "safe-buffer": "~5.1.1", "string_decoder": "~1.1.1", "util-deprecate": "~1.0.1" } }, "sha512-8p0AUk4XODgIewSi0l8Epjs+EVnWiK7NoDIEGU0HhE7+ZyY8D1IMY7odu5lRrFXGg71L15KG8QrPmum45RTtdA=="],

    "repeat-string": ["repeat-string@1.6.1", "", {}, "sha512-PV0dzCYDNfRi1jCDbJzpW7jNNDRuCOG/jI5ctQcGKt/clZD+YcPS3yIlWuTJMmESC8aevCFmWJy5wjAFgNqN6w=="],

    "resolve-from": ["resolve-from@5.0.0", "", {}, "sha512-qYg9KP24dD5qka9J47d0aVky0N+b4fTU89LN9iDnjB5waksiC49rvMB0PrUJQGoTmH50XPiqOvAjDfaijGxYZw=="],

    "roarr": ["roarr@2.15.4", "", { "dependencies": { "boolean": "^3.0.1", "detect-node": "^2.0.4", "globalthis": "^1.0.1", "json-stringify-safe": "^5.0.1", "semver-compare": "^1.0.0", "sprintf-js": "^1.1.2" } }, "sha512-CHhPh+UNHD2GTXNYhPWLnU8ONHdI+5DI+4EYIAOaiD63rHeYlZvyh8P+in5999TTSFgUYuKUAjzRI4mdh/p+2A=="],

    "safe-buffer": ["safe-buffer@5.2.1", "", {}, "sha512-rp3So07KcdmmKbGvgaNxQSJr7bGVSVk5S9Eq1F+ppbRo70+YeaDxkw5Dd8NPN+GD6bjnYm2VuPuCXmpuYvmCXQ=="],

    "seek-bzip": ["seek-bzip@1.0.6", "", { "dependencies": { "commander": "^2.8.1" }, "bin": { "seek-bunzip": "bin/seek-bunzip", "seek-table": "bin/seek-bzip-table" } }, "sha512-e1QtP3YL5tWww8uKaOCQ18UxIT2laNBXHjV/S2WYCiK4udiv8lkG89KRIoCjUagnAmCBurjF4zEVX2ByBbnCjQ=="],

    "semver": ["semver@7.7.2", "", { "bin": { "semver": "bin/semver.js" } }, "sha512-RF0Fw+rO5AMf9MAyaRXI4AV0Ulj5lMHqVxxdSgiVbixSCXoEmmX/jk0CuJw4+3SqroYO9VoUh+HcuJivvtJemA=="],

    "semver-compare": ["semver-compare@1.0.0", "", {}, "sha512-YM3/ITh2MJ5MtzaM429anh+x2jiLVjqILF4m4oyQB18W7Ggea7BfqdH/wGMK7dDiMghv/6WG7znWMwUDzJiXow=="],

    "serialize-error": ["serialize-error@7.0.1", "", { "dependencies": { "type-fest": "^0.13.1" } }, "sha512-8I8TjW5KMOKsZQTvoxjuSIa7foAwPWGOts+6o7sgjz41/qMD9VQHEDxi6PBvK2l0MXUmqZyNpUK+T2tQaaElvw=="],

    "shellcheck": ["shellcheck@3.0.0", "", { "dependencies": { "decompress": "^4.2.1", "envalid": "^8.0.0", "global-agent": "^3.0.0" }, "bin": { "shellcheck": "bin/shellcheck.js" } }, "sha512-pCG1++KHj1ZpkZWokMvyIFNk7oLnZ6hxJtJ3p+EFvYuEPWTqubuuaa2TP1BtgMk34Z9g1xe3b7gI2R97Fr2iqQ=="],

    "sprintf-js": ["sprintf-js@1.1.3", "", {}, "sha512-Oo+0REFV59/rz3gfJNKQiBlwfHaSESl1pcGyABQsnnIfWOFt6JNj5gCog2U6MLZ//IGYD+nA8nI+mTShREReaA=="],

    "string_decoder": ["string_decoder@1.1.1", "", { "dependencies": { "safe-buffer": "~5.1.0" } }, "sha512-n/ShnvDi6FHbbVfviro+WojiFzv+s8MPMHBczVePfUpDJLwoLT0ht1l4YwBCbi8pJAveEEdnkHyPyTP/mzRfwg=="],

    "strip-dirs": ["strip-dirs@2.1.0", "", { "dependencies": { "is-natural-number": "^4.0.1" } }, "sha512-JOCxOeKLm2CAS73y/U4ZeZPTkE+gNVCzKt7Eox84Iej1LT/2pTWYpZKJuxwQpvX1LiZb1xokNR7RLfuBAa7T3g=="],

    "tar-stream": ["tar-stream@1.6.2", "", { "dependencies": { "bl": "^1.0.0", "buffer-alloc": "^1.2.0", "end-of-stream": "^1.0.0", "fs-constants": "^1.0.0", "readable-stream": "^2.3.0", "to-buffer": "^1.1.1", "xtend": "^4.0.0" } }, "sha512-rzS0heiNf8Xn7/mpdSVVSMAWAoy9bfb1WOTYC78Z0UQKeKa/CWS8FOq0lKGNa8DWKAn9gxjCvMLYc5PGXYlK2A=="],

    "through": ["through@2.3.8", "", {}, "sha512-w89qg7PI8wAdvX60bMDP+bFoD5Dvhm9oLheFp5O4a2QF0cSBGsBX4qZmadPMvVqlLJBBci+WqGGOAPvcDeNSVg=="],

    "tinyglobby": ["tinyglobby@0.2.14", "", { "dependencies": { "fdir": "^6.4.4", "picomatch": "^4.0.2" } }, "sha512-tX5e7OM1HnYr2+a2C/4V0htOcSQcoSTH9KgJnVvNm5zm/cyEWKJ7j7YutsH9CxMdtOkkLFy2AHrMci9IM8IPZQ=="],

    "to-buffer": ["to-buffer@1.1.1", "", {}, "sha512-lx9B5iv7msuFYE3dytT+KE5tap+rNYw+K4jVkb9R/asAb+pbBSM17jtunHplhBe6RRJdZx3Pn2Jph24O32mOVg=="],

    "to-regex-range": ["to-regex-range@5.0.1", "", { "dependencies": { "is-number": "^7.0.0" } }, "sha512-65P7iz6X5yEr1cwcgvQxbbIw7Uk3gOy5dIdtZ4rDveLqhrdJP+Li/Hx6tyK0NEb+2GCyneCMJiGqrADCSNk8sQ=="],

    "tslib": ["tslib@2.6.2", "", {}, "sha512-AEYxH93jGFPn/a2iVAwW87VuUIkR1FVUKB77NwMF7nBTDkDrrT/Hpt/IrCJ0QXhW27jTBDcf5ZY7w6RiqTMw2Q=="],

    "type-fest": ["type-fest@0.13.1", "", {}, "sha512-34R7HTnG0XIJcBSn5XhDd7nNFPRcXYRZrBB2O2jdKqYODldSzBAqzsWoZYYvduky73toYS/ESqxPvkDf/F0XMg=="],

    "typescript": ["typescript@5.8.3", "", { "bin": { "tsc": "bin/tsc", "tsserver": "bin/tsserver" } }, "sha512-p1diW6TqL9L07nNxvRMM7hMMw4c5XOo/1ibL4aAIGmSAt9slTE1Xgw5KWuof2uTOvCg9BY7ZRi+GaF+7sfgPeQ=="],

    "unbzip2-stream": ["unbzip2-stream@1.4.3", "", { "dependencies": { "buffer": "^5.2.1", "through": "^2.3.8" } }, "sha512-mlExGW4w71ebDJviH16lQLtZS32VKqsSfk80GCfUlwT/4/hNRFsoscrF/c++9xinkMzECL1uL9DDwXqFWkruPg=="],

    "util-deprecate": ["util-deprecate@1.0.2", "", {}, "sha512-EPD5q1uXyFxJpCrLnCc1nHnq3gOa6DZBocAIiI2TaSCA7VCJ1UJDMagCzIkXNsUYfD1daK//LTEQ8xiIbrHtcw=="],

    "vscode-languageserver-textdocument": ["vscode-languageserver-textdocument@1.0.12", "", {}, "sha512-cxWNPesCnQCcMPeenjKKsOCKQZ/L6Tv19DTRIGuLWe32lyzWhihGVJ/rcckZXJxfdKCFvRLS3fpBIsV/ZGX4zA=="],

    "vscode-uri": ["vscode-uri@3.1.0", "", {}, "sha512-/BpdSx+yCQGnCvecbyXdxHDkuk55/G3xwnC0GqY4gmQ3j+A+g8kzzgB4Nk/SINjqn6+waqw3EgbVF2QKExkRxQ=="],

    "which-pm-runs": ["which-pm-runs@1.1.0", "", {}, "sha512-n1brCuqClxfFfq/Rb0ICg9giSZqCS+pLtccdag6C2HyufBrh3fBOiy9nb6ggRMvWOVH5GrdJskj5iGTZNxd7SA=="],

    "wrappy": ["wrappy@1.0.2", "", {}, "sha512-l4Sp/DRseor9wL6EvV2+TuQn63dMkPjZ/sp9XkghTEbV9KlPS1xUsZ3u7/IQO4wxtcFB4bgpQPRcR3QCvezPcQ=="],

    "xdg-basedir": ["xdg-basedir@5.1.0", "", {}, "sha512-GCPAHLvrIH13+c0SuacwvRYj2SxJXQ4kaVTT5xgL3kPrz56XxkF21IGhjSE1+W0aw7gpBWRGXLCPnPby6lSpmQ=="],

    "xtend": ["xtend@4.0.2", "", {}, "sha512-LKYU1iAXJXUgAXn9URjiu+MWhyUXHsvfp7mcuYm9dSUKK0/CjtrUwFAxD82/mCWbtLsGjFIad0wIsod4zrTAEQ=="],

    "yaml": ["yaml@2.8.0", "", { "bin": { "yaml": "bin.mjs" } }, "sha512-4lLa/EcQCB0cJkyts+FpIRx5G/llPxfP6VQU5KByHEhLxY3IJCH0f0Hy1MHI8sClTvsIb8qwRJ6R/ZdlDJ/leQ=="],

    "yauzl": ["yauzl@2.10.0", "", { "dependencies": { "buffer-crc32": "~0.2.3", "fd-slicer": "~1.1.0" } }, "sha512-p4a9I6X6nu6IhoGmBqAcbJy1mlC4j27vEPZX9F4L4/vZT3Lyq1VkFHw/V/PUcB9Buo+DG3iHkT0x3Qya58zc3g=="],

    "decompress-tarbz2/file-type": ["file-type@6.2.0", "", {}, "sha512-YPcTBDV+2Tm0VqjybVd32MHdlEGAtuxS3VAYsumFokDSMG+ROT5wawGlnHDoz7bfMcMDt9hxuXvXwoKUx2fkOg=="],

    "decompress-unzip/file-type": ["file-type@3.9.0", "", {}, "sha512-RLoqTXE8/vPmMuTI88DAzhMYC99I8BWv7zYP4A1puo5HIjEJ5EX48ighy4ZyKMG9EDXxBgW6e++cn7d1xuFghA=="],

    "import-fresh/parent-module": ["parent-module@1.0.1", "", { "dependencies": { "callsites": "^3.0.0" } }, "sha512-GQ2EWRpQV8/o+Aw8YqtfZZPfNRWZYkbidE9k5rpl/hC3vtHHBfGm2Ifi6qWV+coDGkrUKZAxE3Lot5kcsRlh+g=="],

    "import-fresh/resolve-from": ["resolve-from@4.0.0", "", {}, "sha512-pb/MYmXstAkysRFx8piNI1tGFNQIFA3vkE3Gq4EuA1dF6gHp/+vgZqsCGJapvy8N3Q+4o7FwvquPJcnZ7RYy4g=="],

    "make-dir/pify": ["pify@3.0.0", "", {}, "sha512-C3FsVNH1udSEX48gGX1xfvwTWfsYWj5U+8/uK15BGzIGrKoUpghX8hWZwa/OFnakBiiVNmBvemTJR5mcy7iPcg=="],

    "micromatch/picomatch": ["picomatch@2.3.1", "", {}, "sha512-JU3teHTNjmE2VCGFzuY8EXzCDVwEqB2a8fsIvwaStHhAWJEeVd1o1QD80CU6+ZdEXXSLbSsuLwJjkCBWqRQUVA=="],

    "readable-stream/safe-buffer": ["safe-buffer@5.1.2", "", {}, "sha512-Gd2UZBJDkXlY7GbJxfsE8/nvKkUEU1G38c1siN6QP6a9PT9MmHB8GnpscSmMJSoF8LOIrt8ud/wPtojys4G6+g=="],

    "seek-bzip/commander": ["commander@2.20.3", "", {}, "sha512-GpVkmM8vF2vQUkj2LvZmD35JxeJOLCwJ9cUkugyk2nuhbv3+mJvpLYYt+0+USMxE+oj+ey/lJEnhZw75x/OMcQ=="],

    "string_decoder/safe-buffer": ["safe-buffer@5.1.2", "", {}, "sha512-Gd2UZBJDkXlY7GbJxfsE8/nvKkUEU1G38c1siN6QP6a9PT9MmHB8GnpscSmMJSoF8LOIrt8ud/wPtojys4G6+g=="],
  }
}
